{"cliVersion":"0.16.0","productModuleName":"DotaHeroes","sourceFilePaths":[{"path":"\/Users\/febriadrian\/Documents\/Development\/DotaHeroes\/DotaHeroes\/AppRouter\/AppRouter.swift","hash":"cce0121fea075e20b1717acc2725ae2710dd9534"},{"path":"\/Users\/febriadrian\/Documents\/Development\/DotaHeroes\/DotaHeroes\/AppRouter\/DHRoute.swift","hash":"34b7c3e9d924e9f3564f552a06f5f6a153796c3d"},{"path":"\/Users\/febriadrian\/Documents\/Development\/DotaHeroes\/DotaHeroes\/Application\/AppDelegate.swift","hash":"71d3ed0534d80f2f5a48797c19ec887b5a646b15"},{"path":"\/Users\/febriadrian\/Documents\/Development\/DotaHeroes\/DotaHeroes\/Application\/SwinJectContainer.swift","hash":"856b75b506079681e92e9f9e7f48d004d09cea95"},{"path":"\/Users\/febriadrian\/Documents\/Development\/DotaHeroes\/DotaHeroes\/Constants\/Colors.swift","hash":"dd556fdf0029cabf1745ac269faa996031243b01"},{"path":"\/Users\/febriadrian\/Documents\/Development\/DotaHeroes\/DotaHeroes\/Constants\/Constants.swift","hash":"77cbeea3ae1e7c1e117b1534075edf615b75ae4d"},{"path":"\/Users\/febriadrian\/Documents\/Development\/DotaHeroes\/DotaHeroes\/Constants\/HeroAttribute.swift","hash":"9e5afc49adfa5dc398b0a0fc20f0366d75bf97ed"},{"path":"\/Users\/febriadrian\/Documents\/Development\/DotaHeroes\/DotaHeroes\/Constants\/Messages.swift","hash":"59ce78baca7833d2e91f11fb27327ee29c01ed5d"},{"path":"\/Users\/febriadrian\/Documents\/Development\/DotaHeroes\/DotaHeroes\/Constants\/Typelias.swift","hash":"db69e275fc2a1f1158a3593363ebe12d0d17c6f2"},{"path":"\/Users\/febriadrian\/Documents\/Development\/DotaHeroes\/DotaHeroes\/CustomLayout\/DHFloatingPanelLayout.swift","hash":"e497bb1d139d1b79247fcbf90264565d00d1a951"},{"path":"\/Users\/febriadrian\/Documents\/Development\/DotaHeroes\/DotaHeroes\/DBService\/DBService.swift","hash":"0e149dd6fb0370c227b7411c84283c5d6cad83e9"},{"path":"\/Users\/febriadrian\/Documents\/Development\/DotaHeroes\/DotaHeroes\/Extension\/Ext+Array.swift","hash":"2f892a0a9d866bc1f43afb30d46f72ea0bb93669"},{"path":"\/Users\/febriadrian\/Documents\/Development\/DotaHeroes\/DotaHeroes\/Extension\/Ext+Data.swift","hash":"92afa24d585bb4a77bd3472a4c93ea66177a251b"},{"path":"\/Users\/febriadrian\/Documents\/Development\/DotaHeroes\/DotaHeroes\/Extension\/Ext+Dictionary.swift","hash":"ed42607150e149e764e6a3981a1289276cad1daf"},{"path":"\/Users\/febriadrian\/Documents\/Development\/DotaHeroes\/DotaHeroes\/Extension\/Ext+String.swift","hash":"5c7a7358f0c39c48b98a568107a2295ccab56b9c"},{"path":"\/Users\/febriadrian\/Documents\/Development\/DotaHeroes\/DotaHeroes\/Extension\/Ext+UIApplication.swift","hash":"36adc66597da9cb05a9cdf0f76a32ddf5d7f0a83"},{"path":"\/Users\/febriadrian\/Documents\/Development\/DotaHeroes\/DotaHeroes\/Extension\/Ext+UIButton.swift","hash":"7ee34d682c003761e18c34e81d839d518196793b"},{"path":"\/Users\/febriadrian\/Documents\/Development\/DotaHeroes\/DotaHeroes\/Extension\/Ext+UICollectionView.swift","hash":"24a92c8aecaf50cfc43a5609cf917b91005756b2"},{"path":"\/Users\/febriadrian\/Documents\/Development\/DotaHeroes\/DotaHeroes\/Extension\/Ext+UIDevice.swift","hash":"289248a9b094256bd691862abf81098890b156df"},{"path":"\/Users\/febriadrian\/Documents\/Development\/DotaHeroes\/DotaHeroes\/Extension\/Ext+UIView.swift","hash":"0ffffe622a7792af9681b91c17ab85d36878b358"},{"path":"\/Users\/febriadrian\/Documents\/Development\/DotaHeroes\/DotaHeroes\/Extension\/Ext+UIViewController.swift","hash":"dd3d83812e82854d7b2417e2aefabf6e8886342c"},{"path":"\/Users\/febriadrian\/Documents\/Development\/DotaHeroes\/DotaHeroes\/Mock\/ResponseMocker.swift","hash":"e56307c15307fa7cd47eb2b8f045085874b35778"},{"path":"\/Users\/febriadrian\/Documents\/Development\/DotaHeroes\/DotaHeroes\/Model\/HeroDetailModel.swift","hash":"90041c26830aa2b2a1e6a99408e1079f14867f92"},{"path":"\/Users\/febriadrian\/Documents\/Development\/DotaHeroes\/DotaHeroes\/Model\/HeroListModel.swift","hash":"fef2c993934536674a4f5b27c8081cc8b8718eeb"},{"path":"\/Users\/febriadrian\/Documents\/Development\/DotaHeroes\/DotaHeroes\/Model\/HeroListResponseModel.swift","hash":"116e1e00616d583e502ef25bf03e13ea1b389c6c"},{"path":"\/Users\/febriadrian\/Documents\/Development\/DotaHeroes\/DotaHeroes\/Model\/HeroObject.swift","hash":"19ee4fccb91b9f4665380cd6599350fd94d9d3eb"},{"path":"\/Users\/febriadrian\/Documents\/Development\/DotaHeroes\/DotaHeroes\/Model\/RoleModel.swift","hash":"98fd44b8b5ecea9880aff1c9174047ce8eb3d4cd"},{"path":"\/Users\/febriadrian\/Documents\/Development\/DotaHeroes\/DotaHeroes\/Model\/RoleObject.swift","hash":"72618eb04fe12abae4d5a6de11783da50bb6ec12"},{"path":"\/Users\/febriadrian\/Documents\/Development\/DotaHeroes\/DotaHeroes\/Module\/HeroDetail\/HeroDetailFactory.swift","hash":"3c2fa9a522fbc69241f3b543c85d27c835e1ceed"},{"path":"\/Users\/febriadrian\/Documents\/Development\/DotaHeroes\/DotaHeroes\/Module\/HeroDetail\/HeroDetailRouter.swift","hash":"e8131cf2db2dadadad4bab18d0e2b25f0f262a20"},{"path":"\/Users\/febriadrian\/Documents\/Development\/DotaHeroes\/DotaHeroes\/Module\/HeroDetail\/HeroDetailViewController.swift","hash":"9726a577ff4e64eada87d80a50dd7c7f0e4e0c07"},{"path":"\/Users\/febriadrian\/Documents\/Development\/DotaHeroes\/DotaHeroes\/Module\/HeroDetail\/HeroDetailViewModel.swift","hash":"5802cb6fed16f701f365e018d83ebe2f9f05b9fe"},{"path":"\/Users\/febriadrian\/Documents\/Development\/DotaHeroes\/DotaHeroes\/Module\/HeroList\/HeroListFactory.swift","hash":"7343b8d7d6b3fef8c0ebb0455b2ae8ce4a084062"},{"path":"\/Users\/febriadrian\/Documents\/Development\/DotaHeroes\/DotaHeroes\/Module\/HeroList\/HeroListRouter.swift","hash":"5b50ed7ccd365dc3eb96e0f02870b6dd66c760db"},{"path":"\/Users\/febriadrian\/Documents\/Development\/DotaHeroes\/DotaHeroes\/Module\/HeroList\/HeroListViewController.swift","hash":"3d121b48590baf149c4c44447795162ce01cbf67"},{"path":"\/Users\/febriadrian\/Documents\/Development\/DotaHeroes\/DotaHeroes\/Module\/HeroList\/HeroListViewModel.swift","hash":"de52f6646199180fc5ed63231285be0fa8771ddc"},{"path":"\/Users\/febriadrian\/Documents\/Development\/DotaHeroes\/DotaHeroes\/Module\/Roles\/RolesFactory.swift","hash":"90ecc578dcf0af0a34cc071c6b0002cfbd413783"},{"path":"\/Users\/febriadrian\/Documents\/Development\/DotaHeroes\/DotaHeroes\/Module\/Roles\/RolesViewController.swift","hash":"eeca61952c4d13131e2e3aea535a797304b8d959"},{"path":"\/Users\/febriadrian\/Documents\/Development\/DotaHeroes\/DotaHeroes\/Module\/Roles\/RolesViewModel.swift","hash":"9426c410e773d3c2e13d7f0f5da35613f8801a07"},{"path":"\/Users\/febriadrian\/Documents\/Development\/DotaHeroes\/DotaHeroes\/NetworkService\/Endpoint.swift","hash":"60c5712350c7f576cea68f01979ed855b2c9ab44"},{"path":"\/Users\/febriadrian\/Documents\/Development\/DotaHeroes\/DotaHeroes\/NetworkService\/NetworkService.swift","hash":"8e08a0a5a199a74d95d1aae98b80d2207e022df8"},{"path":"\/Users\/febriadrian\/Documents\/Development\/DotaHeroes\/DotaHeroes\/Provider\/HeroAPIProvider.swift","hash":"94bdf6fa02ad807cc6e20e462c1a8f0cd95fe027"},{"path":"\/Users\/febriadrian\/Documents\/Development\/DotaHeroes\/DotaHeroes\/Provider\/HeroDBProvider.swift","hash":"0664498ce7a9e47e41cf60cdbbe2dc2f8017e246"},{"path":"\/Users\/febriadrian\/Documents\/Development\/DotaHeroes\/DotaHeroes\/Provider\/RoleDBProvider.swift","hash":"e12cfa2fb1f8848dad2866ee86f5fc4f8fda013f"},{"path":"\/Users\/febriadrian\/Documents\/Development\/DotaHeroes\/DotaHeroes\/Resources\/ViewController.swift","hash":"6cf5ae104f37240647f62f1040a8d66ef88d80b0"},{"path":"\/Users\/febriadrian\/Documents\/Development\/DotaHeroes\/DotaHeroes\/ReusableViews\/CustomXIBView.swift","hash":"71ce9b0b1acb066cda1bbda8553b9a85e5e13e2a"},{"path":"\/Users\/febriadrian\/Documents\/Development\/DotaHeroes\/DotaHeroes\/ReusableViews\/HeroListCell\/HeroListCollectionViewCell.swift","hash":"20ed7f31778a1fa90fd638ec5ca2a48c2da484d7"},{"path":"\/Users\/febriadrian\/Documents\/Development\/DotaHeroes\/DotaHeroes\/ReusableViews\/LoadingView\/LoadingView.swift","hash":"861dc3325c47b70ff7dd7ca6490de5d62e4c5547"},{"path":"\/Users\/febriadrian\/Documents\/Development\/DotaHeroes\/DotaHeroes\/ReusableViews\/RolesCell\/RolesCollectionViewCell.swift","hash":"005a6bc7e27945601d8ee19c4174cc57aca10553"},{"path":"\/Users\/febriadrian\/Documents\/Development\/DotaHeroes\/DotaHeroes\/ReusableViews\/ToastView\/Toast.swift","hash":"7a4d29771fb8faf91ad49f37ddc9795a3ae54d3a"},{"path":"\/Users\/febriadrian\/Documents\/Development\/DotaHeroes\/DotaHeroes\/ReusableViews\/ToastView\/ToastView.swift","hash":"9172d9b001bb059be90269d75d95e0312a66fba4"}],"configHash":"522314ec41983471cd8f90d465fcc2b73c8492e2","dependencyPathsHash":"5d99f7f42dd7d092bf00ef45428819f50d4f2d72","targetPathsHash":"180f6e6ed300d54710d48701f9003c3691decb29","mockedTypesHash":"078a611af8292987515634cf7b2494c1cd01407d","outputHash":"9bdf9c71c663abeb607f4718f6f0b9c74fe5216c","dependencies":[],"sourceRoot":"\/Users\/febriadrian\/Documents\/Development\/DotaHeroes","supportingFilePaths":[{"path":"\/Users\/febriadrian\/Documents\/Development\/DotaHeroes\/MockingbirdSupport\/AppKit\/NSResponder.swift","hash":"21296949c6d570892c8665a450e62c234c938790"},{"path":"\/Users\/febriadrian\/Documents\/Development\/DotaHeroes\/MockingbirdSupport\/AppKit\/NSView.swift","hash":"85b3183be144012a7e105e292426c3d9f8966072"},{"path":"\/Users\/febriadrian\/Documents\/Development\/DotaHeroes\/MockingbirdSupport\/AppKit\/NSViewController.swift","hash":"d8785e8a119f2723c8840534df0ad8ac61409797"},{"path":"\/Users\/febriadrian\/Documents\/Development\/DotaHeroes\/MockingbirdSupport\/Foundation\/ObjectiveC\/NSObject.swift","hash":"cf466772b8c2d80d31f34b93b501b398fbb8854d"},{"path":"\/Users\/febriadrian\/Documents\/Development\/DotaHeroes\/MockingbirdSupport\/Foundation\/ObjectiveC\/NSObject.swift","hash":"cf466772b8c2d80d31f34b93b501b398fbb8854d"},{"path":"\/Users\/febriadrian\/Documents\/Development\/DotaHeroes\/MockingbirdSupport\/Swift\/Codable.swift","hash":"57675d8b36a2db7b093b3542bd3225a88992c3bc"},{"path":"\/Users\/febriadrian\/Documents\/Development\/DotaHeroes\/MockingbirdSupport\/Swift\/Comparable.swift","hash":"d0d110744eeaf2f8fdd2f8a41df3452f35286bb7"},{"path":"\/Users\/febriadrian\/Documents\/Development\/DotaHeroes\/MockingbirdSupport\/Swift\/Equatable.swift","hash":"2e7674f4e23a5ab7aef45b91b63c0ed5934c3b83"},{"path":"\/Users\/febriadrian\/Documents\/Development\/DotaHeroes\/MockingbirdSupport\/Swift\/Hashable.swift","hash":"f59ec249aa03e312f2bda7c3b397c0dccd880a21"},{"path":"\/Users\/febriadrian\/Documents\/Development\/DotaHeroes\/MockingbirdSupport\/Swift\/Misc.swift","hash":"c139249ec5799f1ec64c3d9e7d8c1f286b894035"},{"path":"\/Users\/febriadrian\/Documents\/Development\/DotaHeroes\/MockingbirdSupport\/UIKit\/UIControl.swift","hash":"9363a4c38002598dbbc1198f16fe7198b8151d24"},{"path":"\/Users\/febriadrian\/Documents\/Development\/DotaHeroes\/MockingbirdSupport\/UIKit\/UILabel.swift","hash":"e26a734695bfe008598ed0d8c936683db78f40ac"},{"path":"\/Users\/febriadrian\/Documents\/Development\/DotaHeroes\/MockingbirdSupport\/UIKit\/UIView.swift","hash":"10e6b03a9c5a76f720c17fcb82af82ff66994926"},{"path":"\/Users\/febriadrian\/Documents\/Development\/DotaHeroes\/MockingbirdSupport\/UIKit\/UIViewController.swift","hash":"bbd8980a22029f339b0e8746124fd06d94730570"}],"name":"DotaHeroes","projectHash":"99270964efe6eee3b2eda8f1677c6895825d2fb4"}