{"projectHash":"99270964efe6eee3b2eda8f1677c6895825d2fb4","productModuleName":"DotaHeroesTests","mockedTypeNames":["\/Users\/febriadrian\/Documents\/Development\/DotaHeroes\/DotaHeroesTests\/Tests\/RolesViewModelTests.swift",[],"\/Users\/febriadrian\/Documents\/Development\/DotaHeroes\/DotaHeroesTests\/Tests\/HeroDetailViewModelTests.swift",[],"\/Users\/febriadrian\/Documents\/Development\/DotaHeroes\/DotaHeroesTests\/Tests\/HeroListViewModelTests.swift",[],"\/Users\/febriadrian\/Documents\/Development\/DotaHeroes\/DotaHeroes\/Extension\/Ext+Array.swift",[],"\/Users\/febriadrian\/Documents\/Development\/DotaHeroes\/DotaHeroesTests\/DotaHeroesTests.swift",["HeroAPIProvider","NetworkService"]],"cliVersion":"0.16.0","configHash":"522314ec41983471cd8f90d465fcc2b73c8492e2","sourceRoot":"\/Users\/febriadrian\/Documents\/Development\/DotaHeroes","sourceFilePaths":[{"path":"\/Users\/febriadrian\/Documents\/Development\/DotaHeroes\/DotaHeroes\/Extension\/Ext+Array.swift","hash":"2f892a0a9d866bc1f43afb30d46f72ea0bb93669"},{"path":"\/Users\/febriadrian\/Documents\/Development\/DotaHeroes\/DotaHeroesTests\/DotaHeroesTests.swift","hash":"c733d2df8c22b5db0e13bba4666ed670312a1210"},{"path":"\/Users\/febriadrian\/Documents\/Development\/DotaHeroes\/DotaHeroesTests\/Tests\/HeroDetailViewModelTests.swift","hash":"ca726786081122f70531b4bde982cf67a971c413"},{"path":"\/Users\/febriadrian\/Documents\/Development\/DotaHeroes\/DotaHeroesTests\/Tests\/HeroListViewModelTests.swift","hash":"91537104eb6f831503fe355d2947c76022f52a9c"},{"path":"\/Users\/febriadrian\/Documents\/Development\/DotaHeroes\/DotaHeroesTests\/Tests\/RolesViewModelTests.swift","hash":"c9ced5220faeceb38eb7f94837fd303d8cdda94c"},{"path":"\/Users\/febriadrian\/Documents\/Development\/DotaHeroes\/MockingbirdMocks\/DotaHeroesTests-DotaHeroesMocks.generated.swift","hash":"9bdf9c71c663abeb607f4718f6f0b9c74fe5216c"}],"dependencies":[],"name":"DotaHeroesTests"}